PODS:
  - SDWebImage (5.16.0):
    - SDWebImage/Core (= 5.16.0)
  - SDWebImage/Core (5.16.0)
  - SDWebImageSwiftUI (2.2.3):
    - SDWebImage (~> 5.10)

DEPENDENCIES:
  - SDWebImageSwiftUI

SPEC REPOS:
  trunk:
    - SDWebImage
    - SDWebImageSwiftUI

SPEC CHECKSUMS:
  SDWebImage: 2aea163b50bfcb569a2726b6a754c54a4506fcf6
  SDWebImageSwiftUI: 17396b7889f9abc27231caaeb64c537564284aab

PODFILE CHECKSUM: ed6bd1ad626df4bfced12f1051643f88ab45d233

COCOAPODS: 1.14.3
